
Microsoft Visual Studio Solution File, Format Version 12.00
# Visual Studio Version 17
VisualStudioVersion = 17.4.33213.308
MinimumVisualStudioVersion = 10.0.40219.1
Project("{FAE04EC0-301F-11D3-BF4B-00C04F79EFBC}") = "CompareNames", "CompareNames\CompareNames.csproj", "{23BB4376-36FC-4334-97CA-1E9FC88C5277}"
EndProject
Global
	GlobalSection(SolutionConfigurationPlatforms) = preSolution
		Debug|Any CPU = Debug|Any CPU
		Release|Any CPU = Release|Any CPU
	EndGlobalSection
	GlobalSection(ProjectConfigurationPlatforms) = postSolution
		{23BB4376-36FC-4334-97CA-1E9FC88C5277}.Debug|Any CPU.ActiveCfg = Debug|Any CPU
		{23BB4376-36FC-4334-97CA-1E9FC88C5277}.Debug|Any CPU.Build.0 = Debug|Any CPU
		{23BB4376-36FC-4334-97CA-1E9FC88C5277}.Release|Any CPU.ActiveCfg = Release|Any CPU
		{23BB4376-36FC-4334-97CA-1E9FC88C5277}.Release|Any CPU.Build.0 = Release|Any CPU
	EndGlobalSection
	GlobalSection(SolutionProperties) = preSolution
		HideSolutionNode = FALSE
	EndGlobalSection
	GlobalSection(ExtensibilityGlobals) = postSolution
		SolutionGuid = {58E3E35D-5668-4E0D-8CD4-2CDD3A758B90}
	EndGlobalSection
EndGlobal
