
Microsoft Visual Studio Solution File, Format Version 12.00
# Visual Studio Version 17
VisualStudioVersion = 17.4.33213.308
MinimumVisualStudioVersion = 10.0.40219.1
Project("{FAE04EC0-301F-11D3-BF4B-00C04F79EFBC}") = "HeathProfile", "HeathProfile\HeathProfile.csproj", "{9694F985-648C-4A1B-BD43-D271131FBE4B}"
EndProject
Global
	GlobalSection(SolutionConfigurationPlatforms) = preSolution
		Debug|Any CPU = Debug|Any CPU
		Release|Any CPU = Release|Any CPU
	EndGlobalSection
	GlobalSection(ProjectConfigurationPlatforms) = postSolution
		{9694F985-648C-4A1B-BD43-D271131FBE4B}.Debug|Any CPU.ActiveCfg = Debug|Any CPU
		{9694F985-648C-4A1B-BD43-D271131FBE4B}.Debug|Any CPU.Build.0 = Debug|Any CPU
		{9694F985-648C-4A1B-BD43-D271131FBE4B}.Release|Any CPU.ActiveCfg = Release|Any CPU
		{9694F985-648C-4A1B-BD43-D271131FBE4B}.Release|Any CPU.Build.0 = Release|Any CPU
	EndGlobalSection
	GlobalSection(SolutionProperties) = preSolution
		HideSolutionNode = FALSE
	EndGlobalSection
	GlobalSection(ExtensibilityGlobals) = postSolution
		SolutionGuid = {6D5DF4CC-1747-461B-81D4-0F9EA42082EB}
	EndGlobalSection
EndGlobal
